
Microsoft Visual Studio Solution File, Format Version 12.00
# Visual Studio Version 16
VisualStudioVersion = 16.0.29209.62
MinimumVisualStudioVersion = 10.0.40219.1
Project("{9A19103F-16F7-4668-BE54-9A1E7A4F7556}") = "Ecommerce.Infra.Sqlite", "Ecommerce.Infrastructure.MongoDB\Ecommerce.Infra.Sqlite.csproj", "{835F28E4-7947-4CD7-9D07-0CC38A792BB7}"
EndProject
Project("{9A19103F-16F7-4668-BE54-9A1E7A4F7556}") = "Ecommerce.Domain", "Ecommerce.Domain\Ecommerce.Domain.csproj", "{173A1A84-37ED-4B96-BF83-C773CD91D5E8}"
EndProject
Project("{9A19103F-16F7-4668-BE54-9A1E7A4F7556}") = "Ecommerce.Application", "Ecommerce.Application\Ecommerce.Application.csproj", "{494B4121-69B9-43FF-B07F-55FA314ECA88}"
EndProject
Project("{9A19103F-16F7-4668-BE54-9A1E7A4F7556}") = "Ecommerce.Application.Impl", "Ecommerce.Application.Impl\Ecommerce.Application.Impl.csproj", "{869AEA55-45B3-4B88-8009-E272DDD84080}"
EndProject
Project("{2150E333-8FDC-42A3-9474-1A3956D46DE8}") = "1. Host Layer", "1. Host Layer", "{37DC27EE-7917-4A25-97BB-E88688C0A399}"
EndProject
Project("{2150E333-8FDC-42A3-9474-1A3956D46DE8}") = "2. Application Layer", "2. Application Layer", "{C2A900D4-BD80-4593-BBE6-5EDAE182D08C}"
EndProject
Project("{2150E333-8FDC-42A3-9474-1A3956D46DE8}") = "3. Domain Layer", "3. Domain Layer", "{70ACC3D2-C44A-44C0-81CC-094A72C80379}"
EndProject
Project("{2150E333-8FDC-42A3-9474-1A3956D46DE8}") = "4. Infrastructure Layer", "4. Infrastructure Layer", "{810D2830-C2BC-4B39-AB2A-E7911E7CFF14}"
EndProject
Project("{9A19103F-16F7-4668-BE54-9A1E7A4F7556}") = "Ecommerce.Api", "Ecommerce.Api\Ecommerce.Api.csproj", "{151B1F77-4529-45DF-AE20-AAB395F72BEB}"
EndProject
Project("{FAE04EC0-301F-11D3-BF4B-00C04F79EFBC}") = "Utils", "Utils\Utils.csproj", "{30C6A378-040A-4201-AEAC-354745EEAC3F}"
EndProject
Global
	GlobalSection(SolutionConfigurationPlatforms) = preSolution
		Debug|Any CPU = Debug|Any CPU
		Release|Any CPU = Release|Any CPU
	EndGlobalSection
	GlobalSection(ProjectConfigurationPlatforms) = postSolution
		{835F28E4-7947-4CD7-9D07-0CC38A792BB7}.Debug|Any CPU.ActiveCfg = Debug|Any CPU
		{835F28E4-7947-4CD7-9D07-0CC38A792BB7}.Debug|Any CPU.Build.0 = Debug|Any CPU
		{835F28E4-7947-4CD7-9D07-0CC38A792BB7}.Release|Any CPU.ActiveCfg = Release|Any CPU
		{835F28E4-7947-4CD7-9D07-0CC38A792BB7}.Release|Any CPU.Build.0 = Release|Any CPU
		{173A1A84-37ED-4B96-BF83-C773CD91D5E8}.Debug|Any CPU.ActiveCfg = Debug|Any CPU
		{173A1A84-37ED-4B96-BF83-C773CD91D5E8}.Debug|Any CPU.Build.0 = Debug|Any CPU
		{173A1A84-37ED-4B96-BF83-C773CD91D5E8}.Release|Any CPU.ActiveCfg = Release|Any CPU
		{173A1A84-37ED-4B96-BF83-C773CD91D5E8}.Release|Any CPU.Build.0 = Release|Any CPU
		{494B4121-69B9-43FF-B07F-55FA314ECA88}.Debug|Any CPU.ActiveCfg = Debug|Any CPU
		{494B4121-69B9-43FF-B07F-55FA314ECA88}.Debug|Any CPU.Build.0 = Debug|Any CPU
		{494B4121-69B9-43FF-B07F-55FA314ECA88}.Release|Any CPU.ActiveCfg = Release|Any CPU
		{494B4121-69B9-43FF-B07F-55FA314ECA88}.Release|Any CPU.Build.0 = Release|Any CPU
		{869AEA55-45B3-4B88-8009-E272DDD84080}.Debug|Any CPU.ActiveCfg = Debug|Any CPU
		{869AEA55-45B3-4B88-8009-E272DDD84080}.Debug|Any CPU.Build.0 = Debug|Any CPU
		{869AEA55-45B3-4B88-8009-E272DDD84080}.Release|Any CPU.ActiveCfg = Release|Any CPU
		{869AEA55-45B3-4B88-8009-E272DDD84080}.Release|Any CPU.Build.0 = Release|Any CPU
		{151B1F77-4529-45DF-AE20-AAB395F72BEB}.Debug|Any CPU.ActiveCfg = Debug|Any CPU
		{151B1F77-4529-45DF-AE20-AAB395F72BEB}.Debug|Any CPU.Build.0 = Debug|Any CPU
		{151B1F77-4529-45DF-AE20-AAB395F72BEB}.Release|Any CPU.ActiveCfg = Release|Any CPU
		{151B1F77-4529-45DF-AE20-AAB395F72BEB}.Release|Any CPU.Build.0 = Release|Any CPU
		{30C6A378-040A-4201-AEAC-354745EEAC3F}.Debug|Any CPU.ActiveCfg = Debug|Any CPU
		{30C6A378-040A-4201-AEAC-354745EEAC3F}.Debug|Any CPU.Build.0 = Debug|Any CPU
		{30C6A378-040A-4201-AEAC-354745EEAC3F}.Release|Any CPU.ActiveCfg = Release|Any CPU
		{30C6A378-040A-4201-AEAC-354745EEAC3F}.Release|Any CPU.Build.0 = Release|Any CPU
	EndGlobalSection
	GlobalSection(SolutionProperties) = preSolution
		HideSolutionNode = FALSE
	EndGlobalSection
	GlobalSection(NestedProjects) = preSolution
		{835F28E4-7947-4CD7-9D07-0CC38A792BB7} = {810D2830-C2BC-4B39-AB2A-E7911E7CFF14}
		{173A1A84-37ED-4B96-BF83-C773CD91D5E8} = {70ACC3D2-C44A-44C0-81CC-094A72C80379}
		{494B4121-69B9-43FF-B07F-55FA314ECA88} = {C2A900D4-BD80-4593-BBE6-5EDAE182D08C}
		{869AEA55-45B3-4B88-8009-E272DDD84080} = {C2A900D4-BD80-4593-BBE6-5EDAE182D08C}
		{151B1F77-4529-45DF-AE20-AAB395F72BEB} = {37DC27EE-7917-4A25-97BB-E88688C0A399}
	EndGlobalSection
	GlobalSection(ExtensibilityGlobals) = postSolution
		SolutionGuid = {AE6BD72F-6736-4415-B3C8-B39B4F07433F}
	EndGlobalSection
EndGlobal
