
Microsoft Visual Studio Solution File, Format Version 12.00
# Visual Studio Version 16
VisualStudioVersion = 16.0.29209.62
MinimumVisualStudioVersion = 10.0.40219.1
Project("{9A19103F-16F7-4668-BE54-9A1E7A4F7556}") = "MyFin.Infra.Sqlite", "MyFin.Infra.Sqlite\MyFin.Infra.Sqlite.csproj", "{835F28E4-7947-4CD7-9D07-0CC38A792BB7}"
EndProject
Project("{9A19103F-16F7-4668-BE54-9A1E7A4F7556}") = "MyFin.Domain", "MyFin.Domain\MyFin.Domain.csproj", "{173A1A84-37ED-4B96-BF83-C773CD91D5E8}"
EndProject
Project("{9A19103F-16F7-4668-BE54-9A1E7A4F7556}") = "MyFin.Application", "MyFin.Application\MyFin.Application.csproj", "{494B4121-69B9-43FF-B07F-55FA314ECA88}"
EndProject
Project("{9A19103F-16F7-4668-BE54-9A1E7A4F7556}") = "MyFin.Application.Impl", "MyFin.Application.Impl\MyFin.Application.Impl.csproj", "{869AEA55-45B3-4B88-8009-E272DDD84080}"
EndProject
Project("{9A19103F-16F7-4668-BE54-9A1E7A4F7556}") = "MyFin.Api", "MyFin.Api\MyFin.Api.csproj", "{151B1F77-4529-45DF-AE20-AAB395F72BEB}"
EndProject
Project("{FAE04EC0-301F-11D3-BF4B-00C04F79EFBC}") = "Utils", "Utils\Utils.csproj", "{30C6A378-040A-4201-AEAC-354745EEAC3F}"
EndProject
Project("{FAE04EC0-301F-11D3-BF4B-00C04F79EFBC}") = "MyFin.Tests", "MyFin.Tests\MyFin.Tests.csproj", "{F89627DB-D75C-4FE5-979E-446C5FEDA8BE}"
EndProject
Global
	GlobalSection(SolutionConfigurationPlatforms) = preSolution
		Debug|Any CPU = Debug|Any CPU
		Release|Any CPU = Release|Any CPU
	EndGlobalSection
	GlobalSection(ProjectConfigurationPlatforms) = postSolution
		{835F28E4-7947-4CD7-9D07-0CC38A792BB7}.Debug|Any CPU.ActiveCfg = Debug|Any CPU
		{835F28E4-7947-4CD7-9D07-0CC38A792BB7}.Debug|Any CPU.Build.0 = Debug|Any CPU
		{835F28E4-7947-4CD7-9D07-0CC38A792BB7}.Release|Any CPU.ActiveCfg = Release|Any CPU
		{835F28E4-7947-4CD7-9D07-0CC38A792BB7}.Release|Any CPU.Build.0 = Release|Any CPU
		{173A1A84-37ED-4B96-BF83-C773CD91D5E8}.Debug|Any CPU.ActiveCfg = Debug|Any CPU
		{173A1A84-37ED-4B96-BF83-C773CD91D5E8}.Debug|Any CPU.Build.0 = Debug|Any CPU
		{173A1A84-37ED-4B96-BF83-C773CD91D5E8}.Release|Any CPU.ActiveCfg = Release|Any CPU
		{173A1A84-37ED-4B96-BF83-C773CD91D5E8}.Release|Any CPU.Build.0 = Release|Any CPU
		{494B4121-69B9-43FF-B07F-55FA314ECA88}.Debug|Any CPU.ActiveCfg = Debug|Any CPU
		{494B4121-69B9-43FF-B07F-55FA314ECA88}.Debug|Any CPU.Build.0 = Debug|Any CPU
		{494B4121-69B9-43FF-B07F-55FA314ECA88}.Release|Any CPU.ActiveCfg = Release|Any CPU
		{494B4121-69B9-43FF-B07F-55FA314ECA88}.Release|Any CPU.Build.0 = Release|Any CPU
		{869AEA55-45B3-4B88-8009-E272DDD84080}.Debug|Any CPU.ActiveCfg = Debug|Any CPU
		{869AEA55-45B3-4B88-8009-E272DDD84080}.Debug|Any CPU.Build.0 = Debug|Any CPU
		{869AEA55-45B3-4B88-8009-E272DDD84080}.Release|Any CPU.ActiveCfg = Release|Any CPU
		{869AEA55-45B3-4B88-8009-E272DDD84080}.Release|Any CPU.Build.0 = Release|Any CPU
		{151B1F77-4529-45DF-AE20-AAB395F72BEB}.Debug|Any CPU.ActiveCfg = Debug|Any CPU
		{151B1F77-4529-45DF-AE20-AAB395F72BEB}.Debug|Any CPU.Build.0 = Debug|Any CPU
		{151B1F77-4529-45DF-AE20-AAB395F72BEB}.Release|Any CPU.ActiveCfg = Release|Any CPU
		{151B1F77-4529-45DF-AE20-AAB395F72BEB}.Release|Any CPU.Build.0 = Release|Any CPU
		{30C6A378-040A-4201-AEAC-354745EEAC3F}.Debug|Any CPU.ActiveCfg = Debug|Any CPU
		{30C6A378-040A-4201-AEAC-354745EEAC3F}.Debug|Any CPU.Build.0 = Debug|Any CPU
		{30C6A378-040A-4201-AEAC-354745EEAC3F}.Release|Any CPU.ActiveCfg = Release|Any CPU
		{30C6A378-040A-4201-AEAC-354745EEAC3F}.Release|Any CPU.Build.0 = Release|Any CPU
		{F89627DB-D75C-4FE5-979E-446C5FEDA8BE}.Debug|Any CPU.ActiveCfg = Debug|Any CPU
		{F89627DB-D75C-4FE5-979E-446C5FEDA8BE}.Debug|Any CPU.Build.0 = Debug|Any CPU
		{F89627DB-D75C-4FE5-979E-446C5FEDA8BE}.Release|Any CPU.ActiveCfg = Release|Any CPU
		{F89627DB-D75C-4FE5-979E-446C5FEDA8BE}.Release|Any CPU.Build.0 = Release|Any CPU
	EndGlobalSection
	GlobalSection(SolutionProperties) = preSolution
		HideSolutionNode = FALSE
	EndGlobalSection
	GlobalSection(NestedProjects) = preSolution
	EndGlobalSection
	GlobalSection(ExtensibilityGlobals) = postSolution
		SolutionGuid = {AE6BD72F-6736-4415-B3C8-B39B4F07433F}
	EndGlobalSection
EndGlobal
